
Microsoft Visual Studio Solution File, Format Version 12.00
# Visual Studio Version 16
VisualStudioVersion = 16.0.31205.134
MinimumVisualStudioVersion = 10.0.40219.1
Project("{FAE04EC0-301F-11D3-BF4B-00C04F79EFBC}") = "OdeToFood.web", "OdeToFood.web\OdeToFood.web.csproj", "{76BAB261-810F-4E4D-B204-BF965AFF6967}"
EndProject
Project("{FAE04EC0-301F-11D3-BF4B-00C04F79EFBC}") = "OdeToFood.Data", "OdeToFood.Data\OdeToFood.Data.csproj", "{0FF21831-D719-4231-AB34-196A526FC659}"
EndProject
Global
	GlobalSection(SolutionConfigurationPlatforms) = preSolution
		Debug|Any CPU = Debug|Any CPU
		Release|Any CPU = Release|Any CPU
	EndGlobalSection
	GlobalSection(ProjectConfigurationPlatforms) = postSolution
		{76BAB261-810F-4E4D-B204-BF965AFF6967}.Debug|Any CPU.ActiveCfg = Debug|Any CPU
		{76BAB261-810F-4E4D-B204-BF965AFF6967}.Debug|Any CPU.Build.0 = Debug|Any CPU
		{76BAB261-810F-4E4D-B204-BF965AFF6967}.Release|Any CPU.ActiveCfg = Release|Any CPU
		{76BAB261-810F-4E4D-B204-BF965AFF6967}.Release|Any CPU.Build.0 = Release|Any CPU
		{0FF21831-D719-4231-AB34-196A526FC659}.Debug|Any CPU.ActiveCfg = Debug|Any CPU
		{0FF21831-D719-4231-AB34-196A526FC659}.Debug|Any CPU.Build.0 = Debug|Any CPU
		{0FF21831-D719-4231-AB34-196A526FC659}.Release|Any CPU.ActiveCfg = Release|Any CPU
		{0FF21831-D719-4231-AB34-196A526FC659}.Release|Any CPU.Build.0 = Release|Any CPU
	EndGlobalSection
	GlobalSection(SolutionProperties) = preSolution
		HideSolutionNode = FALSE
	EndGlobalSection
	GlobalSection(ExtensibilityGlobals) = postSolution
		SolutionGuid = {177867A9-BF12-4839-8B2F-42E6F45041B6}
	EndGlobalSection
EndGlobal
